
Microsoft Visual Studio Solution File, Format Version 12.00
Project("{FAE04EC0-301F-11D3-BF4B-00C04F79EFBC}") = "BayteBank", "BayteBank\BayteBank.csproj", "{30D3892E-58DB-47B9-A529-F8414DCDC522}"
EndProject
Global
	GlobalSection(SolutionConfigurationPlatforms) = preSolution
		Debug|Any CPU = Debug|Any CPU
		Release|Any CPU = Release|Any CPU
	EndGlobalSection
	GlobalSection(ProjectConfigurationPlatforms) = postSolution
		{30D3892E-58DB-47B9-A529-F8414DCDC522}.Debug|Any CPU.ActiveCfg = Debug|Any CPU
		{30D3892E-58DB-47B9-A529-F8414DCDC522}.Debug|Any CPU.Build.0 = Debug|Any CPU
		{30D3892E-58DB-47B9-A529-F8414DCDC522}.Release|Any CPU.ActiveCfg = Release|Any CPU
		{30D3892E-58DB-47B9-A529-F8414DCDC522}.Release|Any CPU.Build.0 = Release|Any CPU
	EndGlobalSection
EndGlobal
